
Microsoft Visual Studio Solution File, Format Version 12.00
# Visual Studio Version 17
VisualStudioVersion = 17.13.35931.197
MinimumVisualStudioVersion = 10.0.40219.1
Project("{888888A0-9F3D-457C-B088-3A5042F75D52}") = "EXTRA_DISCRETAS", "EXTRA_DISCRETAS.pyproj", "{944B3B38-2AB2-44C3-9BFC-C3F5FBDBFB7C}"
EndProject
Project("{2150E333-8FDC-42A3-9474-1A3956D46DE8}") = "Elementos de la solución", "Elementos de la solución", "{D107F4C8-89CC-BEA8-D3D7-CA6B7733353D}"
EndProject
Global
	GlobalSection(SolutionConfigurationPlatforms) = preSolution
		Debug|Any CPU = Debug|Any CPU
		Release|Any CPU = Release|Any CPU
	EndGlobalSection
	GlobalSection(ProjectConfigurationPlatforms) = postSolution
		{944B3B38-2AB2-44C3-9BFC-C3F5FBDBFB7C}.Debug|Any CPU.ActiveCfg = Debug|Any CPU
		{944B3B38-2AB2-44C3-9BFC-C3F5FBDBFB7C}.Release|Any CPU.ActiveCfg = Release|Any CPU
	EndGlobalSection
	GlobalSection(SolutionProperties) = preSolution
		HideSolutionNode = FALSE
	EndGlobalSection
	GlobalSection(ExtensibilityGlobals) = postSolution
		SolutionGuid = {F0B87475-45DA-42A7-86C4-BB7B154A96AE}
	EndGlobalSection
EndGlobal
